
Microsoft Visual Studio Solution File, Format Version 12.00
Project("{2150E333-8FDC-42A3-9474-1A3956D46DE8}") = "src", "src", "{E602608C-6904-4FA6-9CD6-28995304C685}"
EndProject
Project("{2150E333-8FDC-42A3-9474-1A3956D46DE8}") = "solution items", "solution items", "{8C250B44-453A-4FA0-9DD1-B1A16F304749}"
	ProjectSection(SolutionItems) = preProject
		solution items\docker-compose.yml = solution items\docker-compose.yml
		solution items\prometheus.yml = solution items\prometheus.yml
		solution items\docker-compose.override.yml = solution items\docker-compose.override.yml
	EndProjectSection
EndProject
Project("{2150E333-8FDC-42A3-9474-1A3956D46DE8}") = "core", "core", "{05B05B86-CAFA-486D-B740-7F0492443515}"
EndProject
Project("{FAE04EC0-301F-11D3-BF4B-00C04F79EFBC}") = "MUEats.Api", "src\core\MUEats.Api\MUEats.Api.csproj", "{03209E6D-AC9D-4F01-A3B2-805820A72B24}"
EndProject
Project("{FAE04EC0-301F-11D3-BF4B-00C04F79EFBC}") = "MUEats.Application", "src\core\MUEats.Application\MUEats.Application.csproj", "{9ECB6E1D-A85E-44F5-B6E5-DE0C9A3CFE2A}"
EndProject
Project("{FAE04EC0-301F-11D3-BF4B-00C04F79EFBC}") = "MUEats.Core", "src\core\MUEats.Core\MUEats.Core.csproj", "{536FB0FE-1C84-41A7-B586-7BB85F2768FB}"
EndProject
Project("{FAE04EC0-301F-11D3-BF4B-00C04F79EFBC}") = "MUEats.Infrastructure", "src\core\MUEats.Infrastructure\MUEats.Infrastructure.csproj", "{25C93F71-DE48-4FE5-872A-B5DED375AC45}"
EndProject
Project("{2150E333-8FDC-42A3-9474-1A3956D46DE8}") = "restaurants", "restaurants", "{E1002820-941D-481C-9027-863CCCB53F06}"
EndProject
Project("{FAE04EC0-301F-11D3-BF4B-00C04F79EFBC}") = "MUEats.Restaurants.Api", "src\restaurants\MUEats.Restaurants.Api\MUEats.Restaurants.Api.csproj", "{E3AF4342-7932-4235-9874-ABF88EA53736}"
EndProject
Project("{FAE04EC0-301F-11D3-BF4B-00C04F79EFBC}") = "MUEats.Restaurants.Application", "src\restaurants\MUEats.Restaurants.Application\MUEats.Restaurants.Application.csproj", "{7BFDE3BA-8808-4454-8651-594C837D00BA}"
EndProject
Project("{FAE04EC0-301F-11D3-BF4B-00C04F79EFBC}") = "MUEats.Restaurants.Core", "src\restaurants\MUEats.Restaurants.Core\MUEats.Restaurants.Core.csproj", "{EB1A7FD7-AF67-45A5-BC1E-3B9D6492C1EC}"
EndProject
Project("{FAE04EC0-301F-11D3-BF4B-00C04F79EFBC}") = "MUEats.Restaurants.Infrastructure", "src\restaurants\MUEats.Restaurants.Infrastructure\MUEats.Restaurants.Infrastructure.csproj", "{AB0AA291-8628-41AF-B322-4286FC3EA954}"
EndProject
Project("{2150E333-8FDC-42A3-9474-1A3956D46DE8}") = "utils", "utils", "{508C721C-271E-4D20-A68C-09641617227B}"
EndProject
Project("{FAE04EC0-301F-11D3-BF4B-00C04F79EFBC}") = "Primitives", "src\utils\Primitives\Primitives.csproj", "{A63830E8-92A4-4586-A7B4-41B47A1C4D35}"
EndProject
Project("{2150E333-8FDC-42A3-9474-1A3956D46DE8}") = "tests", "tests", "{1B54C20C-C0F7-47FC-8A01-E598C933EE46}"
EndProject
Project("{FAE04EC0-301F-11D3-BF4B-00C04F79EFBC}") = "MUEats.Restaurants.Domain.UnitTests", "src\tests\MUEats.Restaurants.Domain.UnitTests\MUEats.Restaurants.Domain.UnitTests.csproj", "{5B2B281C-FF53-4EBA-9B9E-655A04D8407D}"
EndProject
Project("{2150E333-8FDC-42A3-9474-1A3956D46DE8}") = "gateway", "gateway", "{B632D1EF-56E9-4009-8036-C16992BBFE1B}"
EndProject
Project("{FAE04EC0-301F-11D3-BF4B-00C04F79EFBC}") = "MUEats.Gateway", "src\gateway\MUEats.Gateway\MUEats.Gateway.csproj", "{42B9462B-1543-442A-BD7C-EAC010333ABD}"
EndProject
Project("{2150E333-8FDC-42A3-9474-1A3956D46DE8}") = "discounts", "discounts", "{4BD9DEF3-8BF1-438F-AAB6-63DD2D70BD91}"
EndProject
Project("{FAE04EC0-301F-11D3-BF4B-00C04F79EFBC}") = "MUEats.Discounts.Api", "src\discounts\MUEats.Discounts.Api\MUEats.Discounts.Api.csproj", "{FDC8C66A-3E25-402C-9CE3-38139ACDDE6F}"
EndProject
Project("{FAE04EC0-301F-11D3-BF4B-00C04F79EFBC}") = "MUEats.Discounts.Application", "src\discounts\MUEats.Discounts.Application\MUEats.Discounts.Application.csproj", "{002877A9-D0A8-450E-860C-8788EDA2B191}"
EndProject
Project("{FAE04EC0-301F-11D3-BF4B-00C04F79EFBC}") = "MUEats.Discounts.Core", "src\discounts\MUEats.Discounts.Core\MUEats.Discounts.Core.csproj", "{E6CD9C6A-5385-4A7B-A178-64B3E661C916}"
EndProject
Project("{FAE04EC0-301F-11D3-BF4B-00C04F79EFBC}") = "MUEats.Discounts.Infrastructure", "src\discounts\MUEats.Discounts.Infrastructure\MUEats.Discounts.Infrastructure.csproj", "{327C7246-C912-4C1E-AB53-F4F42B96F4AA}"
EndProject
Project("{FAE04EC0-301F-11D3-BF4B-00C04F79EFBC}") = "SharedContracts", "src\utils\SharedContracts\SharedContracts.csproj", "{3A883869-1C58-4161-BF56-2BFCD9307431}"
EndProject
Project("{2150E333-8FDC-42A3-9474-1A3956D46DE8}") = "identity", "identity", "{A44366BE-41B0-4700-89F4-F5EFF0C297E4}"
EndProject
Project("{FAE04EC0-301F-11D3-BF4B-00C04F79EFBC}") = "MUEats.Identity.Api", "src\identity\MUEats.Identity.Api\MUEats.Identity.Api.csproj", "{E4E71B6D-761A-4BAF-BF16-933A45BA76C5}"
EndProject
Project("{FAE04EC0-301F-11D3-BF4B-00C04F79EFBC}") = "MUEats.Identity.Application", "src\identity\MUEats.Identity.Application\MUEats.Identity.Application.csproj", "{CCD1E48B-0646-47B1-8484-3F98BE750592}"
EndProject
Project("{FAE04EC0-301F-11D3-BF4B-00C04F79EFBC}") = "MUEats.Identity.Core", "src\identity\MUEats.Identity.Core\MUEats.Identity.Core.csproj", "{5098EC7E-2DF7-4BA1-A8E1-A127ECE4E1B6}"
EndProject
Project("{FAE04EC0-301F-11D3-BF4B-00C04F79EFBC}") = "MUEats.Identity.Infrastructure", "src\identity\MUEats.Identity.Infrastructure\MUEats.Identity.Infrastructure.csproj", "{F23C3E7C-945E-41CE-BB0D-EE6F87291B11}"
EndProject
Project("{2150E333-8FDC-42A3-9474-1A3956D46DE8}") = "notifications", "notifications", "{C058DA8D-BB47-4ABF-BA06-A0D77BE33F82}"
EndProject
Project("{FAE04EC0-301F-11D3-BF4B-00C04F79EFBC}") = "MUEats.Notifications.Application", "src\notifications\MUEats.Notifications.Application\MUEats.Notifications.Application.csproj", "{97A7760A-5970-4B32-873F-CA5F38D864F2}"
EndProject
Project("{FAE04EC0-301F-11D3-BF4B-00C04F79EFBC}") = "MUEats.Notifications.Api", "src\notifications\MUEats.Notifications.Api\MUEats.Notifications.Api.csproj", "{8D1FB65D-CDEA-4AE3-8CC2-2F66EF0BB6D7}"
EndProject
Project("{FAE04EC0-301F-11D3-BF4B-00C04F79EFBC}") = "MUEats.Notifications.Core", "src\notifications\MUEats.Notifications.Core\MUEats.Notifications.Core.csproj", "{C121CEA8-A1F8-4D9F-A392-09A0A9D87753}"
EndProject
Project("{FAE04EC0-301F-11D3-BF4B-00C04F79EFBC}") = "MUEats.Notifications.Infrastructure", "src\notifications\MUEats.Notifications.Infrastructure\MUEats.Notifications.Infrastructure.csproj", "{F6EEF682-E0BB-4CD2-A32E-30C5D69331CC}"
EndProject
Global
	GlobalSection(SolutionConfigurationPlatforms) = preSolution
		Debug|Any CPU = Debug|Any CPU
		Release|Any CPU = Release|Any CPU
	EndGlobalSection
	GlobalSection(ProjectConfigurationPlatforms) = postSolution
		{03209E6D-AC9D-4F01-A3B2-805820A72B24}.Debug|Any CPU.ActiveCfg = Debug|Any CPU
		{03209E6D-AC9D-4F01-A3B2-805820A72B24}.Debug|Any CPU.Build.0 = Debug|Any CPU
		{03209E6D-AC9D-4F01-A3B2-805820A72B24}.Release|Any CPU.ActiveCfg = Release|Any CPU
		{03209E6D-AC9D-4F01-A3B2-805820A72B24}.Release|Any CPU.Build.0 = Release|Any CPU
		{9ECB6E1D-A85E-44F5-B6E5-DE0C9A3CFE2A}.Debug|Any CPU.ActiveCfg = Debug|Any CPU
		{9ECB6E1D-A85E-44F5-B6E5-DE0C9A3CFE2A}.Debug|Any CPU.Build.0 = Debug|Any CPU
		{9ECB6E1D-A85E-44F5-B6E5-DE0C9A3CFE2A}.Release|Any CPU.ActiveCfg = Release|Any CPU
		{9ECB6E1D-A85E-44F5-B6E5-DE0C9A3CFE2A}.Release|Any CPU.Build.0 = Release|Any CPU
		{536FB0FE-1C84-41A7-B586-7BB85F2768FB}.Debug|Any CPU.ActiveCfg = Debug|Any CPU
		{536FB0FE-1C84-41A7-B586-7BB85F2768FB}.Debug|Any CPU.Build.0 = Debug|Any CPU
		{536FB0FE-1C84-41A7-B586-7BB85F2768FB}.Release|Any CPU.ActiveCfg = Release|Any CPU
		{536FB0FE-1C84-41A7-B586-7BB85F2768FB}.Release|Any CPU.Build.0 = Release|Any CPU
		{25C93F71-DE48-4FE5-872A-B5DED375AC45}.Debug|Any CPU.ActiveCfg = Debug|Any CPU
		{25C93F71-DE48-4FE5-872A-B5DED375AC45}.Debug|Any CPU.Build.0 = Debug|Any CPU
		{25C93F71-DE48-4FE5-872A-B5DED375AC45}.Release|Any CPU.ActiveCfg = Release|Any CPU
		{25C93F71-DE48-4FE5-872A-B5DED375AC45}.Release|Any CPU.Build.0 = Release|Any CPU
		{E3AF4342-7932-4235-9874-ABF88EA53736}.Debug|Any CPU.ActiveCfg = Debug|Any CPU
		{E3AF4342-7932-4235-9874-ABF88EA53736}.Debug|Any CPU.Build.0 = Debug|Any CPU
		{E3AF4342-7932-4235-9874-ABF88EA53736}.Release|Any CPU.ActiveCfg = Release|Any CPU
		{E3AF4342-7932-4235-9874-ABF88EA53736}.Release|Any CPU.Build.0 = Release|Any CPU
		{7BFDE3BA-8808-4454-8651-594C837D00BA}.Debug|Any CPU.ActiveCfg = Debug|Any CPU
		{7BFDE3BA-8808-4454-8651-594C837D00BA}.Debug|Any CPU.Build.0 = Debug|Any CPU
		{7BFDE3BA-8808-4454-8651-594C837D00BA}.Release|Any CPU.ActiveCfg = Release|Any CPU
		{7BFDE3BA-8808-4454-8651-594C837D00BA}.Release|Any CPU.Build.0 = Release|Any CPU
		{EB1A7FD7-AF67-45A5-BC1E-3B9D6492C1EC}.Debug|Any CPU.ActiveCfg = Debug|Any CPU
		{EB1A7FD7-AF67-45A5-BC1E-3B9D6492C1EC}.Debug|Any CPU.Build.0 = Debug|Any CPU
		{EB1A7FD7-AF67-45A5-BC1E-3B9D6492C1EC}.Release|Any CPU.ActiveCfg = Release|Any CPU
		{EB1A7FD7-AF67-45A5-BC1E-3B9D6492C1EC}.Release|Any CPU.Build.0 = Release|Any CPU
		{AB0AA291-8628-41AF-B322-4286FC3EA954}.Debug|Any CPU.ActiveCfg = Debug|Any CPU
		{AB0AA291-8628-41AF-B322-4286FC3EA954}.Debug|Any CPU.Build.0 = Debug|Any CPU
		{AB0AA291-8628-41AF-B322-4286FC3EA954}.Release|Any CPU.ActiveCfg = Release|Any CPU
		{AB0AA291-8628-41AF-B322-4286FC3EA954}.Release|Any CPU.Build.0 = Release|Any CPU
		{A63830E8-92A4-4586-A7B4-41B47A1C4D35}.Debug|Any CPU.ActiveCfg = Debug|Any CPU
		{A63830E8-92A4-4586-A7B4-41B47A1C4D35}.Debug|Any CPU.Build.0 = Debug|Any CPU
		{A63830E8-92A4-4586-A7B4-41B47A1C4D35}.Release|Any CPU.ActiveCfg = Release|Any CPU
		{A63830E8-92A4-4586-A7B4-41B47A1C4D35}.Release|Any CPU.Build.0 = Release|Any CPU
		{5B2B281C-FF53-4EBA-9B9E-655A04D8407D}.Debug|Any CPU.ActiveCfg = Debug|Any CPU
		{5B2B281C-FF53-4EBA-9B9E-655A04D8407D}.Debug|Any CPU.Build.0 = Debug|Any CPU
		{5B2B281C-FF53-4EBA-9B9E-655A04D8407D}.Release|Any CPU.ActiveCfg = Release|Any CPU
		{5B2B281C-FF53-4EBA-9B9E-655A04D8407D}.Release|Any CPU.Build.0 = Release|Any CPU
		{42B9462B-1543-442A-BD7C-EAC010333ABD}.Debug|Any CPU.ActiveCfg = Debug|Any CPU
		{42B9462B-1543-442A-BD7C-EAC010333ABD}.Debug|Any CPU.Build.0 = Debug|Any CPU
		{42B9462B-1543-442A-BD7C-EAC010333ABD}.Release|Any CPU.ActiveCfg = Release|Any CPU
		{42B9462B-1543-442A-BD7C-EAC010333ABD}.Release|Any CPU.Build.0 = Release|Any CPU
		{FDC8C66A-3E25-402C-9CE3-38139ACDDE6F}.Debug|Any CPU.ActiveCfg = Debug|Any CPU
		{FDC8C66A-3E25-402C-9CE3-38139ACDDE6F}.Debug|Any CPU.Build.0 = Debug|Any CPU
		{FDC8C66A-3E25-402C-9CE3-38139ACDDE6F}.Release|Any CPU.ActiveCfg = Release|Any CPU
		{FDC8C66A-3E25-402C-9CE3-38139ACDDE6F}.Release|Any CPU.Build.0 = Release|Any CPU
		{002877A9-D0A8-450E-860C-8788EDA2B191}.Debug|Any CPU.ActiveCfg = Debug|Any CPU
		{002877A9-D0A8-450E-860C-8788EDA2B191}.Debug|Any CPU.Build.0 = Debug|Any CPU
		{002877A9-D0A8-450E-860C-8788EDA2B191}.Release|Any CPU.ActiveCfg = Release|Any CPU
		{002877A9-D0A8-450E-860C-8788EDA2B191}.Release|Any CPU.Build.0 = Release|Any CPU
		{E6CD9C6A-5385-4A7B-A178-64B3E661C916}.Debug|Any CPU.ActiveCfg = Debug|Any CPU
		{E6CD9C6A-5385-4A7B-A178-64B3E661C916}.Debug|Any CPU.Build.0 = Debug|Any CPU
		{E6CD9C6A-5385-4A7B-A178-64B3E661C916}.Release|Any CPU.ActiveCfg = Release|Any CPU
		{E6CD9C6A-5385-4A7B-A178-64B3E661C916}.Release|Any CPU.Build.0 = Release|Any CPU
		{327C7246-C912-4C1E-AB53-F4F42B96F4AA}.Debug|Any CPU.ActiveCfg = Debug|Any CPU
		{327C7246-C912-4C1E-AB53-F4F42B96F4AA}.Debug|Any CPU.Build.0 = Debug|Any CPU
		{327C7246-C912-4C1E-AB53-F4F42B96F4AA}.Release|Any CPU.ActiveCfg = Release|Any CPU
		{327C7246-C912-4C1E-AB53-F4F42B96F4AA}.Release|Any CPU.Build.0 = Release|Any CPU
		{3A883869-1C58-4161-BF56-2BFCD9307431}.Debug|Any CPU.ActiveCfg = Debug|Any CPU
		{3A883869-1C58-4161-BF56-2BFCD9307431}.Debug|Any CPU.Build.0 = Debug|Any CPU
		{3A883869-1C58-4161-BF56-2BFCD9307431}.Release|Any CPU.ActiveCfg = Release|Any CPU
		{3A883869-1C58-4161-BF56-2BFCD9307431}.Release|Any CPU.Build.0 = Release|Any CPU
		{E4E71B6D-761A-4BAF-BF16-933A45BA76C5}.Debug|Any CPU.ActiveCfg = Debug|Any CPU
		{E4E71B6D-761A-4BAF-BF16-933A45BA76C5}.Debug|Any CPU.Build.0 = Debug|Any CPU
		{E4E71B6D-761A-4BAF-BF16-933A45BA76C5}.Release|Any CPU.ActiveCfg = Release|Any CPU
		{E4E71B6D-761A-4BAF-BF16-933A45BA76C5}.Release|Any CPU.Build.0 = Release|Any CPU
		{CCD1E48B-0646-47B1-8484-3F98BE750592}.Debug|Any CPU.ActiveCfg = Debug|Any CPU
		{CCD1E48B-0646-47B1-8484-3F98BE750592}.Debug|Any CPU.Build.0 = Debug|Any CPU
		{CCD1E48B-0646-47B1-8484-3F98BE750592}.Release|Any CPU.ActiveCfg = Release|Any CPU
		{CCD1E48B-0646-47B1-8484-3F98BE750592}.Release|Any CPU.Build.0 = Release|Any CPU
		{5098EC7E-2DF7-4BA1-A8E1-A127ECE4E1B6}.Debug|Any CPU.ActiveCfg = Debug|Any CPU
		{5098EC7E-2DF7-4BA1-A8E1-A127ECE4E1B6}.Debug|Any CPU.Build.0 = Debug|Any CPU
		{5098EC7E-2DF7-4BA1-A8E1-A127ECE4E1B6}.Release|Any CPU.ActiveCfg = Release|Any CPU
		{5098EC7E-2DF7-4BA1-A8E1-A127ECE4E1B6}.Release|Any CPU.Build.0 = Release|Any CPU
		{F23C3E7C-945E-41CE-BB0D-EE6F87291B11}.Debug|Any CPU.ActiveCfg = Debug|Any CPU
		{F23C3E7C-945E-41CE-BB0D-EE6F87291B11}.Debug|Any CPU.Build.0 = Debug|Any CPU
		{F23C3E7C-945E-41CE-BB0D-EE6F87291B11}.Release|Any CPU.ActiveCfg = Release|Any CPU
		{F23C3E7C-945E-41CE-BB0D-EE6F87291B11}.Release|Any CPU.Build.0 = Release|Any CPU
		{97A7760A-5970-4B32-873F-CA5F38D864F2}.Debug|Any CPU.ActiveCfg = Debug|Any CPU
		{97A7760A-5970-4B32-873F-CA5F38D864F2}.Debug|Any CPU.Build.0 = Debug|Any CPU
		{97A7760A-5970-4B32-873F-CA5F38D864F2}.Release|Any CPU.ActiveCfg = Release|Any CPU
		{97A7760A-5970-4B32-873F-CA5F38D864F2}.Release|Any CPU.Build.0 = Release|Any CPU
		{8D1FB65D-CDEA-4AE3-8CC2-2F66EF0BB6D7}.Debug|Any CPU.ActiveCfg = Debug|Any CPU
		{8D1FB65D-CDEA-4AE3-8CC2-2F66EF0BB6D7}.Debug|Any CPU.Build.0 = Debug|Any CPU
		{8D1FB65D-CDEA-4AE3-8CC2-2F66EF0BB6D7}.Release|Any CPU.ActiveCfg = Release|Any CPU
		{8D1FB65D-CDEA-4AE3-8CC2-2F66EF0BB6D7}.Release|Any CPU.Build.0 = Release|Any CPU
		{C121CEA8-A1F8-4D9F-A392-09A0A9D87753}.Debug|Any CPU.ActiveCfg = Debug|Any CPU
		{C121CEA8-A1F8-4D9F-A392-09A0A9D87753}.Debug|Any CPU.Build.0 = Debug|Any CPU
		{C121CEA8-A1F8-4D9F-A392-09A0A9D87753}.Release|Any CPU.ActiveCfg = Release|Any CPU
		{C121CEA8-A1F8-4D9F-A392-09A0A9D87753}.Release|Any CPU.Build.0 = Release|Any CPU
		{F6EEF682-E0BB-4CD2-A32E-30C5D69331CC}.Debug|Any CPU.ActiveCfg = Debug|Any CPU
		{F6EEF682-E0BB-4CD2-A32E-30C5D69331CC}.Debug|Any CPU.Build.0 = Debug|Any CPU
		{F6EEF682-E0BB-4CD2-A32E-30C5D69331CC}.Release|Any CPU.ActiveCfg = Release|Any CPU
		{F6EEF682-E0BB-4CD2-A32E-30C5D69331CC}.Release|Any CPU.Build.0 = Release|Any CPU
	EndGlobalSection
	GlobalSection(NestedProjects) = preSolution
		{05B05B86-CAFA-486D-B740-7F0492443515} = {E602608C-6904-4FA6-9CD6-28995304C685}
		{03209E6D-AC9D-4F01-A3B2-805820A72B24} = {05B05B86-CAFA-486D-B740-7F0492443515}
		{9ECB6E1D-A85E-44F5-B6E5-DE0C9A3CFE2A} = {05B05B86-CAFA-486D-B740-7F0492443515}
		{536FB0FE-1C84-41A7-B586-7BB85F2768FB} = {05B05B86-CAFA-486D-B740-7F0492443515}
		{25C93F71-DE48-4FE5-872A-B5DED375AC45} = {05B05B86-CAFA-486D-B740-7F0492443515}
		{E1002820-941D-481C-9027-863CCCB53F06} = {E602608C-6904-4FA6-9CD6-28995304C685}
		{E3AF4342-7932-4235-9874-ABF88EA53736} = {E1002820-941D-481C-9027-863CCCB53F06}
		{7BFDE3BA-8808-4454-8651-594C837D00BA} = {E1002820-941D-481C-9027-863CCCB53F06}
		{EB1A7FD7-AF67-45A5-BC1E-3B9D6492C1EC} = {E1002820-941D-481C-9027-863CCCB53F06}
		{AB0AA291-8628-41AF-B322-4286FC3EA954} = {E1002820-941D-481C-9027-863CCCB53F06}
		{508C721C-271E-4D20-A68C-09641617227B} = {E602608C-6904-4FA6-9CD6-28995304C685}
		{A63830E8-92A4-4586-A7B4-41B47A1C4D35} = {508C721C-271E-4D20-A68C-09641617227B}
		{1B54C20C-C0F7-47FC-8A01-E598C933EE46} = {E602608C-6904-4FA6-9CD6-28995304C685}
		{5B2B281C-FF53-4EBA-9B9E-655A04D8407D} = {1B54C20C-C0F7-47FC-8A01-E598C933EE46}
		{B632D1EF-56E9-4009-8036-C16992BBFE1B} = {E602608C-6904-4FA6-9CD6-28995304C685}
		{42B9462B-1543-442A-BD7C-EAC010333ABD} = {B632D1EF-56E9-4009-8036-C16992BBFE1B}
		{4BD9DEF3-8BF1-438F-AAB6-63DD2D70BD91} = {E602608C-6904-4FA6-9CD6-28995304C685}
		{FDC8C66A-3E25-402C-9CE3-38139ACDDE6F} = {4BD9DEF3-8BF1-438F-AAB6-63DD2D70BD91}
		{002877A9-D0A8-450E-860C-8788EDA2B191} = {4BD9DEF3-8BF1-438F-AAB6-63DD2D70BD91}
		{E6CD9C6A-5385-4A7B-A178-64B3E661C916} = {4BD9DEF3-8BF1-438F-AAB6-63DD2D70BD91}
		{327C7246-C912-4C1E-AB53-F4F42B96F4AA} = {4BD9DEF3-8BF1-438F-AAB6-63DD2D70BD91}
		{3A883869-1C58-4161-BF56-2BFCD9307431} = {508C721C-271E-4D20-A68C-09641617227B}
		{A44366BE-41B0-4700-89F4-F5EFF0C297E4} = {E602608C-6904-4FA6-9CD6-28995304C685}
		{E4E71B6D-761A-4BAF-BF16-933A45BA76C5} = {A44366BE-41B0-4700-89F4-F5EFF0C297E4}
		{CCD1E48B-0646-47B1-8484-3F98BE750592} = {A44366BE-41B0-4700-89F4-F5EFF0C297E4}
		{5098EC7E-2DF7-4BA1-A8E1-A127ECE4E1B6} = {A44366BE-41B0-4700-89F4-F5EFF0C297E4}
		{F23C3E7C-945E-41CE-BB0D-EE6F87291B11} = {A44366BE-41B0-4700-89F4-F5EFF0C297E4}
		{C058DA8D-BB47-4ABF-BA06-A0D77BE33F82} = {E602608C-6904-4FA6-9CD6-28995304C685}
		{97A7760A-5970-4B32-873F-CA5F38D864F2} = {C058DA8D-BB47-4ABF-BA06-A0D77BE33F82}
		{8D1FB65D-CDEA-4AE3-8CC2-2F66EF0BB6D7} = {C058DA8D-BB47-4ABF-BA06-A0D77BE33F82}
		{C121CEA8-A1F8-4D9F-A392-09A0A9D87753} = {C058DA8D-BB47-4ABF-BA06-A0D77BE33F82}
		{F6EEF682-E0BB-4CD2-A32E-30C5D69331CC} = {C058DA8D-BB47-4ABF-BA06-A0D77BE33F82}
	EndGlobalSection
EndGlobal
